// !$*UTF8*$!
{
	archiveVersion = 1;
	classes = {
	};
	objectVersion = 46;
	objects = {

/* Begin PBXBuildFile section */
		2EEEF9941D6EE8F400368F0A /* main.m in Sources */ = {isa = PBXBuildFile; fileRef = 2EEEF9931D6EE8F400368F0A /* main.m */; };
		2EEEF9971D6EE8F400368F0A /* AppDelegate.m in Sources */ = {isa = PBXBuildFile; fileRef = 2EEEF9961D6EE8F400368F0A /* AppDelegate.m */; };
		2EEEF99A1D6EE8F400368F0A /* ViewController.m in Sources */ = {isa = PBXBuildFile; fileRef = 2EEEF9991D6EE8F400368F0A /* ViewController.m */; };
		2EEEF99D1D6EE8F400368F0A /* Main.storyboard in Resources */ = {isa = PBXBuildFile; fileRef = 2EEEF99B1D6EE8F400368F0A /* Main.storyboard */; };
		2EEEF99F1D6EE8F400368F0A /* Assets.xcassets in Resources */ = {isa = PBXBuildFile; fileRef = 2EEEF99E1D6EE8F400368F0A /* Assets.xcassets */; };
		2EEEF9A21D6EE8F400368F0A /* LaunchScreen.storyboard in Resources */ = {isa = PBXBuildFile; fileRef = 2EEEF9A01D6EE8F400368F0A /* LaunchScreen.storyboard */; };
		2EEEF9AD1D6EE8F400368F0A /* BlockButtonTests.m in Sources */ = {isa = PBXBuildFile; fileRef = 2EEEF9AC1D6EE8F400368F0A /* BlockButtonTests.m */; };
		2EEEF9B81D6EE8F400368F0A /* BlockButtonUITests.m in Sources */ = {isa = PBXBuildFile; fileRef = 2EEEF9B71D6EE8F400368F0A /* BlockButtonUITests.m */; };
		2EEEF9CA1D6EE98800368F0A /* UIButton+Block.m in Sources */ = {isa = PBXBuildFile; fileRef = 2EEEF9C91D6EE98800368F0A /* UIButton+Block.m */; };
/* End PBXBuildFile section */

/* Begin PBXContainerItemProxy section */
		2EEEF9A91D6EE8F400368F0A /* PBXContainerItemProxy */ = {
			isa = PBXContainerItemProxy;
			containerPortal = 2EEEF9871D6EE8F400368F0A /* Project object */;
			proxyType = 1;
			remoteGlobalIDString = 2EEEF98E1D6EE8F400368F0A;
			remoteInfo = BlockButton;
		};
		2EEEF9B41D6EE8F400368F0A /* PBXContainerItemProxy */ = {
			isa = PBXContainerItemProxy;
			containerPortal = 2EEEF9871D6EE8F400368F0A /* Project object */;
			proxyType = 1;
			remoteGlobalIDString = 2EEEF98E1D6EE8F400368F0A;
			remoteInfo = BlockButton;
		};
/* End PBXContainerItemProxy section */

/* Begin PBXFileReference section */
		2EEEF98F1D6EE8F400368F0A /* BlockButton.app */ = {isa = PBXFileReference; explicitFileType = wrapper.application; includeInIndex = 0; path = BlockButton.app; sourceTree = BUILT_PRODUCTS_DIR; };
		2EEEF9931D6EE8F400368F0A /* main.m */ = {isa = PBXFileReference; lastKnownFileType = sourcecode.c.objc; path = main.m; sourceTree = "<group>"; };
		2EEEF9951D6EE8F400368F0A /* AppDelegate.h */ = {isa = PBXFileReference; lastKnownFileType = sourcecode.c.h; path = AppDelegate.h; sourceTree = "<group>"; };
		2EEEF9961D6EE8F400368F0A /* AppDelegate.m */ = {isa = PBXFileReference; lastKnownFileType = sourcecode.c.objc; path = AppDelegate.m; sourceTree = "<group>"; };
		2EEEF9981D6EE8F400368F0A /* ViewController.h */ = {isa = PBXFileReference; lastKnownFileType = sourcecode.c.h; path = ViewController.h; sourceTree = "<group>"; };
		2EEEF9991D6EE8F400368F0A /* ViewController.m */ = {isa = PBXFileReference; lastKnownFileType = sourcecode.c.objc; path = ViewController.m; sourceTree = "<group>"; };
		2EEEF99C1D6EE8F400368F0A /* Base */ = {isa = PBXFileReference; lastKnownFileType = file.storyboard; name = Base; path = Base.lproj/Main.storyboard; sourceTree = "<group>"; };
		2EEEF99E1D6EE8F400368F0A /* Assets.xcassets */ = {isa = PBXFileReference; lastKnownFileType = folder.assetcatalog; path = Assets.xcassets; sourceTree = "<group>"; };
		2EEEF9A11D6EE8F400368F0A /* Base */ = {isa = PBXFileReference; lastKnownFileType = file.storyboard; name = Base; path = Base.lproj/LaunchScreen.storyboard; sourceTree = "<group>"; };
		2EEEF9A31D6EE8F400368F0A /* Info.plist */ = {isa = PBXFileReference; lastKnownFileType = text.plist.xml; path = Info.plist; sourceTree = "<group>"; };
		2EEEF9A81D6EE8F400368F0A /* BlockButtonTests.xctest */ = {isa = PBXFileReference; explicitFileType = wrapper.cfbundle; includeInIndex = 0; path = BlockButtonTests.xctest; sourceTree = BUILT_PRODUCTS_DIR; };
		2EEEF9AC1D6EE8F400368F0A /* BlockButtonTests.m */ = {isa = PBXFileReference; lastKnownFileType = sourcecode.c.objc; path = BlockButtonTests.m; sourceTree = "<group>"; };
		2EEEF9AE1D6EE8F400368F0A /* Info.plist */ = {isa = PBXFileReference; lastKnownFileType = text.plist.xml; path = Info.plist; sourceTree = "<group>"; };
		2EEEF9B31D6EE8F400368F0A /* BlockButtonUITests.xctest */ = {isa = PBXFileReference; explicitFileType = wrapper.cfbundle; includeInIndex = 0; path = BlockButtonUITests.xctest; sourceTree = BUILT_PRODUCTS_DIR; };
		2EEEF9B71D6EE8F400368F0A /* BlockButtonUITests.m */ = {isa = PBXFileReference; lastKnownFileType = sourcecode.c.objc; path = BlockButtonUITests.m; sourceTree = "<group>"; };
		2EEEF9B91D6EE8F400368F0A /* Info.plist */ = {isa = PBXFileReference; lastKnownFileType = text.plist.xml; path = Info.plist; sourceTree = "<group>"; };
		2EEEF9C81D6EE98800368F0A /* UIButton+Block.h */ = {isa = PBXFileReference; fileEncoding = 4; lastKnownFileType = sourcecode.c.h; path = "UIButton+Block.h"; sourceTree = "<group>"; };
		2EEEF9C91D6EE98800368F0A /* UIButton+Block.m */ = {isa = PBXFileReference; fileEncoding = 4; lastKnownFileType = sourcecode.c.objc; path = "UIButton+Block.m"; sourceTree = "<group>"; };
/* End PBXFileReference section */

/* Begin PBXFrameworksBuildPhase section */
		2EEEF98C1D6EE8F400368F0A /* Frameworks */ = {
			isa = PBXFrameworksBuildPhase;
			buildActionMask = 2147483647;
			files = (
			);
			runOnlyForDeploymentPostprocessing = 0;
		};
		2EEEF9A51D6EE8F400368F0A /* Frameworks */ = {
			isa = PBXFrameworksBuildPhase;
			buildActionMask = 2147483647;
			files = (
			);
			runOnlyForDeploymentPostprocessing = 0;
		};
		2EEEF9B01D6EE8F400368F0A /* Frameworks */ = {
			isa = PBXFrameworksBuildPhase;
			buildActionMask = 2147483647;
			files = (
			);
			runOnlyForDeploymentPostprocessing = 0;
		};
/* End PBXFrameworksBuildPhase section */

/* Begin PBXGroup section */
		2EEEF9861D6EE8F400368F0A = {
			isa = PBXGroup;
			children = (
				2EEEF9911D6EE8F400368F0A /* BlockButton */,
				2EEEF9AB1D6EE8F400368F0A /* BlockButtonTests */,
				2EEEF9B61D6EE8F400368F0A /* BlockButtonUITests */,
				2EEEF9901D6EE8F400368F0A /* Products */,
			);
			sourceTree = "<group>";
		};
		2EEEF9901D6EE8F400368F0A /* Products */ = {
			isa = PBXGroup;
			children = (
				2EEEF98F1D6EE8F400368F0A /* BlockButton.app */,
				2EEEF9A81D6EE8F400368F0A /* BlockButtonTests.xctest */,
				2EEEF9B31D6EE8F400368F0A /* BlockButtonUITests.xctest */,
			);
			name = Products;
			sourceTree = "<group>";
		};
		2EEEF9911D6EE8F400368F0A /* BlockButton */ = {
			isa = PBXGroup;
			children = (
				2EEEF9951D6EE8F400368F0A /* AppDelegate.h */,
				2EEEF9961D6EE8F400368F0A /* AppDelegate.m */,
				2EEEF9981D6EE8F400368F0A /* ViewController.h */,
				2EEEF9991D6EE8F400368F0A /* ViewController.m */,
				2EEEF9C81D6EE98800368F0A /* UIButton+Block.h */,
				2EEEF9C91D6EE98800368F0A /* UIButton+Block.m */,
				2EEEF99B1D6EE8F400368F0A /* Main.storyboard */,
				2EEEF99E1D6EE8F400368F0A /* Assets.xcassets */,
				2EEEF9A01D6EE8F400368F0A /* LaunchScreen.storyboard */,
				2EEEF9A31D6EE8F400368F0A /* Info.plist */,
				2EEEF9921D6EE8F400368F0A /* Supporting Files */,
			);
			path = BlockButton;
			sourceTree = "<group>";
		};
		2EEEF9921D6EE8F400368F0A /* Supporting Files */ = {
			isa = PBXGroup;
			children = (
				2EEEF9931D6EE8F400368F0A /* main.m */,
			);
			name = "Supporting Files";
			sourceTree = "<group>";
		};
		2EEEF9AB1D6EE8F400368F0A /* BlockButtonTests */ = {
			isa = PBXGroup;
			children = (
				2EEEF9AC1D6EE8F400368F0A /* BlockButtonTests.m */,
				2EEEF9AE1D6EE8F400368F0A /* Info.plist */,
			);
			path = BlockButtonTests;
			sourceTree = "<group>";
		};
		2EEEF9B61D6EE8F400368F0A /* BlockButtonUITests */ = {
			isa = PBXGroup;
			children = (
				2EEEF9B71D6EE8F400368F0A /* BlockButtonUITests.m */,
				2EEEF9B91D6EE8F400368F0A /* Info.plist */,
			);
			path = BlockButtonUITests;
			sourceTree = "<group>";
		};
/* End PBXGroup section */

/* Begin PBXNativeTarget section */
		2EEEF98E1D6EE8F400368F0A /* BlockButton */ = {
			isa = PBXNativeTarget;
			buildConfigurationList = 2EEEF9BC1D6EE8F400368F0A /* Build configuration list for PBXNativeTarget "BlockButton" */;
			buildPhases = (
				2EEEF98B1D6EE8F400368F0A /* Sources */,
				2EEEF98C1D6EE8F400368F0A /* Frameworks */,
				2EEEF98D1D6EE8F400368F0A /* Resources */,
			);
			buildRules = (
			);
			dependencies = (
			);
			name = BlockButton;
			productName = BlockButton;
			productReference = 2EEEF98F1D6EE8F400368F0A /* BlockButton.app */;
			productType = "com.apple.product-type.application";
		};
		2EEEF9A71D6EE8F400368F0A /* BlockButtonTests */ = {
			isa = PBXNativeTarget;
			buildConfigurationList = 2EEEF9BF1D6EE8F400368F0A /* Build configuration list for PBXNativeTarget "BlockButtonTests" */;
			buildPhases = (
				2EEEF9A41D6EE8F400368F0A /* Sources */,
				2EEEF9A51D6EE8F400368F0A /* Frameworks */,
				2EEEF9A61D6EE8F400368F0A /* Resources */,
			);
			buildRules = (
			);
			dependencies = (
				2EEEF9AA1D6EE8F400368F0A /* PBXTargetDependency */,
			);
			name = BlockButtonTests;
			productName = BlockButtonTests;
			productReference = 2EEEF9A81D6EE8F400368F0A /* BlockButtonTests.xctest */;
			productType = "com.apple.product-type.bundle.unit-test";
		};
		2EEEF9B21D6EE8F400368F0A /* BlockButtonUITests */ = {
			isa = PBXNativeTarget;
			buildConfigurationList = 2EEEF9C21D6EE8F400368F0A /* Build configuration list for PBXNativeTarget "BlockButtonUITests" */;
			buildPhases = (
				2EEEF9AF1D6EE8F400368F0A /* Sources */,
				2EEEF9B01D6EE8F400368F0A /* Frameworks */,
				2EEEF9B11D6EE8F400368F0A /* Resources */,
			);
			buildRules = (
			);
			dependencies = (
				2EEEF9B51D6EE8F400368F0A /* PBXTargetDependency */,
			);
			name = BlockButtonUITests;
			productName = BlockButtonUITests;
			productReference = 2EEEF9B31D6EE8F400368F0A /* BlockButtonUITests.xctest */;
			productType = "com.apple.product-type.bundle.ui-testing";
		};
/* End PBXNativeTarget section */

/* Begin PBXProject section */
		2EEEF9871D6EE8F400368F0A /* Project object */ = {
			isa = PBXProject;
			attributes = {
				LastUpgradeCheck = 0730;
				ORGANIZATIONNAME = condentast;
				TargetAttributes = {
					2EEEF98E1D6EE8F400368F0A = {
						CreatedOnToolsVersion = 7.3.1;
					};
					2EEEF9A71D6EE8F400368F0A = {
						CreatedOnToolsVersion = 7.3.1;
						TestTargetID = 2EEEF98E1D6EE8F400368F0A;
					};
					2EEEF9B21D6EE8F400368F0A = {
						CreatedOnToolsVersion = 7.3.1;
						TestTargetID = 2EEEF98E1D6EE8F400368F0A;
					};
				};
			};
			buildConfigurationList = 2EEEF98A1D6EE8F400368F0A /* Build configuration list for PBXProject "BlockButton" */;
			compatibilityVersion = "Xcode 3.2";
			developmentRegion = English;
			hasScannedForEncodings = 0;
			knownRegions = (
				en,
				Base,
			);
			mainGroup = 2EEEF9861D6EE8F400368F0A;
			productRefGroup = 2EEEF9901D6EE8F400368F0A /* Products */;
			projectDirPath = "";
			projectRoot = "";
			targets = (
				2EEEF98E1D6EE8F400368F0A /* BlockButton */,
				2EEEF9A71D6EE8F400368F0A /* BlockButtonTests */,
				2EEEF9B21D6EE8F400368F0A /* BlockButtonUITests */,
			);
		};
/* End PBXProject section */

/* Begin PBXResourcesBuildPhase section */
		2EEEF98D1D6EE8F400368F0A /* Resources */ = {
			isa = PBXResourcesBuildPhase;
			buildActionMask = 2147483647;
			files = (
				2EEEF9A21D6EE8F400368F0A /* LaunchScreen.storyboard in Resources */,
				2EEEF99F1D6EE8F400368F0A /* Assets.xcassets in Resources */,
				2EEEF99D1D6EE8F400368F0A /* Main.storyboard in Resources */,
			);
			runOnlyForDeploymentPostprocessing = 0;
		};
		2EEEF9A61D6EE8F400368F0A /* Resources */ = {
			isa = PBXResourcesBuildPhase;
			buildActionMask = 2147483647;
			files = (
			);
			runOnlyForDeploymentPostprocessing = 0;
		};
		2EEEF9B11D6EE8F400368F0A /* Resources */ = {
			isa = PBXResourcesBuildPhase;
			buildActionMask = 2147483647;
			files = (
			);
			runOnlyForDeploymentPostprocessing = 0;
		};
/* End PBXResourcesBuildPhase section */

/* Begin PBXSourcesBuildPhase section */
		2EEEF98B1D6EE8F400368F0A /* Sources */ = {
			isa = PBXSourcesBuildPhase;
			buildActionMask = 2147483647;
			files = (
				2EEEF99A1D6EE8F400368F0A /* ViewController.m in Sources */,
				2EEEF9971D6EE8F400368F0A /* AppDelegate.m in Sources */,
				2EEEF9941D6EE8F400368F0A /* main.m in Sources */,
				2EEEF9CA1D6EE98800368F0A /* UIButton+Block.m in Sources */,
			);
			runOnlyForDeploymentPostprocessing = 0;
		};
		2EEEF9A41D6EE8F400368F0A /* Sources */ = {
			isa = PBXSourcesBuildPhase;
			buildActionMask = 2147483647;
			files = (
				2EEEF9AD1D6EE8F400368F0A /* BlockButtonTests.m in Sources */,
			);
			runOnlyForDeploymentPostprocessing = 0;
		};
		2EEEF9AF1D6EE8F400368F0A /* Sources */ = {
			isa = PBXSourcesBuildPhase;
			buildActionMask = 2147483647;
			files = (
				2EEEF9B81D6EE8F400368F0A /* BlockButtonUITests.m in Sources */,
			);
			runOnlyForDeploymentPostprocessing = 0;
		};
/* End PBXSourcesBuildPhase section */

/* Begin PBXTargetDependency section */
		2EEEF9AA1D6EE8F400368F0A /* PBXTargetDependency */ = {
			isa = PBXTargetDependency;
			target = 2EEEF98E1D6EE8F400368F0A /* BlockButton */;
			targetProxy = 2EEEF9A91D6EE8F400368F0A /* PBXContainerItemProxy */;
		};
		2EEEF9B51D6EE8F400368F0A /* PBXTargetDependency */ = {
			isa = PBXTargetDependency;
			target = 2EEEF98E1D6EE8F400368F0A /* BlockButton */;
			targetProxy = 2EEEF9B41D6EE8F400368F0A /* PBXContainerItemProxy */;
		};
/* End PBXTargetDependency section */

/* Begin PBXVariantGroup section */
		2EEEF99B1D6EE8F400368F0A /* Main.storyboard */ = {
			isa = PBXVariantGroup;
			children = (
				2EEEF99C1D6EE8F400368F0A /* Base */,
			);
			name = Main.storyboard;
			sourceTree = "<group>";
		};
		2EEEF9A01D6EE8F400368F0A /* LaunchScreen.storyboard */ = {
			isa = PBXVariantGroup;
			children = (
				2EEEF9A11D6EE8F400368F0A /* Base */,
			);
			name = LaunchScreen.storyboard;
			sourceTree = "<group>";
		};
/* End PBXVariantGroup section */

/* Begin XCBuildConfiguration section */
		2EEEF9BA1D6EE8F400368F0A /* Debug */ = {
			isa = XCBuildConfiguration;
			buildSettings = {
				ALWAYS_SEARCH_USER_PATHS = NO;
				CLANG_ANALYZER_NONNULL = YES;
				CLANG_CXX_LANGUAGE_STANDARD = "gnu++0x";
				CLANG_CXX_LIBRARY = "libc++";
				CLANG_ENABLE_MODULES = YES;
				CLANG_ENABLE_OBJC_ARC = YES;
				CLANG_WARN_BOOL_CONVERSION = YES;
				CLANG_WARN_CONSTANT_CONVERSION = YES;
				CLANG_WARN_DIRECT_OBJC_ISA_USAGE = YES_ERROR;
				CLANG_WARN_EMPTY_BODY = YES;
				CLANG_WARN_ENUM_CONVERSION = YES;
				CLANG_WARN_INT_CONVERSION = YES;
				CLANG_WARN_OBJC_ROOT_CLASS = YES_ERROR;
				CLANG_WARN_UNREACHABLE_CODE = YES;
				CLANG_WARN__DUPLICATE_METHOD_MATCH = YES;
				"CODE_SIGN_IDENTITY[sdk=iphoneos*]" = "iPhone Developer";
				COPY_PHASE_STRIP = NO;
				DEBUG_INFORMATION_FORMAT = dwarf;
				ENABLE_STRICT_OBJC_MSGSEND = YES;
				ENABLE_TESTABILITY = YES;
				GCC_C_LANGUAGE_STANDARD = gnu99;
				GCC_DYNAMIC_NO_PIC = NO;
				GCC_NO_COMMON_BLOCKS = YES;
				GCC_OPTIMIZATION_LEVEL = 0;
				GCC_PREPROCESSOR_DEFINITIONS = (
					"DEBUG=1",
					"$(inherited)",
				);
				GCC_WARN_64_TO_32_BIT_CONVERSION = YES;
				GCC_WARN_ABOUT_RETURN_TYPE = YES_ERROR;
				GCC_WARN_UNDECLARED_SELECTOR = YES;
				GCC_WARN_UNINITIALIZED_AUTOS = YES_AGGRESSIVE;
				GCC_WARN_UNUSED_FUNCTION = YES;
				GCC_WARN_UNUSED_VARIABLE = YES;
				IPHONEOS_DEPLOYMENT_TARGET = 9.3;
				MTL_ENABLE_DEBUG_INFO = YES;
				ONLY_ACTIVE_ARCH = YES;
				SDKROOT = iphoneos;
				TARGETED_DEVICE_FAMILY = "1,2";
			};
			name = Debug;
		};
		2EEEF9BB1D6EE8F400368F0A /* Release */ = {
			isa = XCBuildConfiguration;
			buildSettings = {
				ALWAYS_SEARCH_USER_PATHS = NO;
				CLANG_ANALYZER_NONNULL = YES;
				CLANG_CXX_LANGUAGE_STANDARD = "gnu++0x";
				CLANG_CXX_LIBRARY = "libc++";
				CLANG_ENABLE_MODULES = YES;
				CLANG_ENABLE_OBJC_ARC = YES;
				CLANG_WARN_BOOL_CONVERSION = YES;
				CLANG_WARN_CONSTANT_CONVERSION = YES;
				CLANG_WARN_DIRECT_OBJC_ISA_USAGE = YES_ERROR;
				CLANG_WARN_EMPTY_BODY = YES;
				CLANG_WARN_ENUM_CONVERSION = YES;
				CLANG_WARN_INT_CONVERSION = YES;
				CLANG_WARN_OBJC_ROOT_CLASS = YES_ERROR;
				CLANG_WARN_UNREACHABLE_CODE = YES;
				CLANG_WARN__DUPLICATE_METHOD_MATCH = YES;
				"CODE_SIGN_IDENTITY[sdk=iphoneos*]" = "iPhone Developer";
				COPY_PHASE_STRIP = NO;
				DEBUG_INFORMATION_FORMAT = "dwarf-with-dsym";
				ENABLE_NS_ASSERTIONS = NO;
				ENABLE_STRICT_OBJC_MSGSEND = YES;
				GCC_C_LANGUAGE_STANDARD = gnu99;
				GCC_NO_COMMON_BLOCKS = YES;
				GCC_WARN_64_TO_32_BIT_CONVERSION = YES;
				GCC_WARN_ABOUT_RETURN_TYPE = YES_ERROR;
				GCC_WARN_UNDECLARED_SELECTOR = YES;
				GCC_WARN_UNINITIALIZED_AUTOS = YES_AGGRESSIVE;
				GCC_WARN_UNUSED_FUNCTION = YES;
				GCC_WARN_UNUSED_VARIABLE = YES;
				IPHONEOS_DEPLOYMENT_TARGET = 9.3;
				MTL_ENABLE_DEBUG_INFO = NO;
				SDKROOT = iphoneos;
				TARGETED_DEVICE_FAMILY = "1,2";
				VALIDATE_PRODUCT = YES;
			};
			name = Release;
		};
		2EEEF9BD1D6EE8F400368F0A /* Debug */ = {
			isa = XCBuildConfiguration;
			buildSettings = {
				ASSETCATALOG_COMPILER_APPICON_NAME = AppIcon;
				INFOPLIST_FILE = BlockButton/Info.plist;
				LD_RUNPATH_SEARCH_PATHS = "$(inherited) @executable_path/Frameworks";
				PRODUCT_BUNDLE_IDENTIFIER = cn.condentast.BlockButton;
				PRODUCT_NAME = "$(TARGET_NAME)";
			};
			name = Debug;
		};
		2EEEF9BE1D6EE8F400368F0A /* Release */ = {
			isa = XCBuildConfiguration;
			buildSettings = {
				ASSETCATALOG_COMPILER_APPICON_NAME = AppIcon;
				INFOPLIST_FILE = BlockButton/Info.plist;
				LD_RUNPATH_SEARCH_PATHS = "$(inherited) @executable_path/Frameworks";
				PRODUCT_BUNDLE_IDENTIFIER = cn.condentast.BlockButton;
				PRODUCT_NAME = "$(TARGET_NAME)";
			};
			name = Release;
		};
		2EEEF9C01D6EE8F400368F0A /* Debug */ = {
			isa = XCBuildConfiguration;
			buildSettings = {
				BUNDLE_LOADER = "$(TEST_HOST)";
				INFOPLIST_FILE = BlockButtonTests/Info.plist;
				LD_RUNPATH_SEARCH_PATHS = "$(inherited) @executable_path/Frameworks @loader_path/Frameworks";
				PRODUCT_BUNDLE_IDENTIFIER = cn.condentast.BlockButtonTests;
				PRODUCT_NAME = "$(TARGET_NAME)";
				TEST_HOST = "$(BUILT_PRODUCTS_DIR)/BlockButton.app/BlockButton";
			};
			name = Debug;
		};
		2EEEF9C11D6EE8F400368F0A /* Release */ = {
			isa = XCBuildConfiguration;
			buildSettings = {
				BUNDLE_LOADER = "$(TEST_HOST)";
				INFOPLIST_FILE = BlockButtonTests/Info.plist;
				LD_RUNPATH_SEARCH_PATHS = "$(inherited) @executable_path/Frameworks @loader_path/Frameworks";
				PRODUCT_BUNDLE_IDENTIFIER = cn.condentast.BlockButtonTests;
				PRODUCT_NAME = "$(TARGET_NAME)";
				TEST_HOST = "$(BUILT_PRODUCTS_DIR)/BlockButton.app/BlockButton";
			};
			name = Release;
		};
		2EEEF9C31D6EE8F400368F0A /* Debug */ = {
			isa = XCBuildConfiguration;
			buildSettings = {
				INFOPLIST_FILE = BlockButtonUITests/Info.plist;
				LD_RUNPATH_SEARCH_PATHS = "$(inherited) @executable_path/Frameworks @loader_path/Frameworks";
				PRODUCT_BUNDLE_IDENTIFIER = cn.condentast.BlockButtonUITests;
				PRODUCT_NAME = "$(TARGET_NAME)";
				TEST_TARGET_NAME = BlockButton;
			};
			name = Debug;
		};
		2EEEF9C41D6EE8F400368F0A /* Release */ = {
			isa = XCBuildConfiguration;
			buildSettings = {
				INFOPLIST_FILE = BlockButtonUITests/Info.plist;
				LD_RUNPATH_SEARCH_PATHS = "$(inherited) @executable_path/Frameworks @loader_path/Frameworks";
				PRODUCT_BUNDLE_IDENTIFIER = cn.condentast.BlockButtonUITests;
				PRODUCT_NAME = "$(TARGET_NAME)";
				TEST_TARGET_NAME = BlockButton;
			};
			name = Release;
		};
/* End XCBuildConfiguration section */

/* Begin XCConfigurationList section */
		2EEEF98A1D6EE8F400368F0A /* Build configuration list for PBXProject "BlockButton" */ = {
			isa = XCConfigurationList;
			buildConfigurations = (
				2EEEF9BA1D6EE8F400368F0A /* Debug */,
				2EEEF9BB1D6EE8F400368F0A /* Release */,
			);
			defaultConfigurationIsVisible = 0;
			defaultConfigurationName = Release;
		};
		2EEEF9BC1D6EE8F400368F0A /* Build configuration list for PBXNativeTarget "BlockButton" */ = {
			isa = XCConfigurationList;
			buildConfigurations = (
				2EEEF9BD1D6EE8F400368F0A /* Debug */,
				2EEEF9BE1D6EE8F400368F0A /* Release */,
			);
			defaultConfigurationIsVisible = 0;
		};
		2EEEF9BF1D6EE8F400368F0A /* Build configuration list for PBXNativeTarget "BlockButtonTests" */ = {
			isa = XCConfigurationList;
			buildConfigurations = (
				2EEEF9C01D6EE8F400368F0A /* Debug */,
				2EEEF9C11D6EE8F400368F0A /* Release */,
			);
			defaultConfigurationIsVisible = 0;
		};
		2EEEF9C21D6EE8F400368F0A /* Build configuration list for PBXNativeTarget "BlockButtonUITests" */ = {
			isa = XCConfigurationList;
			buildConfigurations = (
				2EEEF9C31D6EE8F400368F0A /* Debug */,
				2EEEF9C41D6EE8F400368F0A /* Release */,
			);
			defaultConfigurationIsVisible = 0;
		};
/* End XCConfigurationList section */
	};
	rootObject = 2EEEF9871D6EE8F400368F0A /* Project object */;
}
